
Microsoft Visual Studio Solution File, Format Version 12.00
# Visual Studio Version 17
VisualStudioVersion = 17.4.33213.308
MinimumVisualStudioVersion = 10.0.40219.1
Project("{FAE04EC0-301F-11D3-BF4B-00C04F79EFBC}") = "Practical1", "Practical1\Practical1.csproj", "{C6E425B0-F50A-40E1-A4F3-CA10F8E40987}"
EndProject
Project("{FAE04EC0-301F-11D3-BF4B-00C04F79EFBC}") = "UnitTestProjectPractical", "UnitTestProjectPractical\UnitTestProjectPractical.csproj", "{43CAEC70-F1B1-45E0-95F2-FEBAF588B94A}"
EndProject
Global
	GlobalSection(SolutionConfigurationPlatforms) = preSolution
		Debug|Any CPU = Debug|Any CPU
		Release|Any CPU = Release|Any CPU
	EndGlobalSection
	GlobalSection(ProjectConfigurationPlatforms) = postSolution
		{C6E425B0-F50A-40E1-A4F3-CA10F8E40987}.Debug|Any CPU.ActiveCfg = Debug|Any CPU
		{C6E425B0-F50A-40E1-A4F3-CA10F8E40987}.Debug|Any CPU.Build.0 = Debug|Any CPU
		{C6E425B0-F50A-40E1-A4F3-CA10F8E40987}.Release|Any CPU.ActiveCfg = Release|Any CPU
		{C6E425B0-F50A-40E1-A4F3-CA10F8E40987}.Release|Any CPU.Build.0 = Release|Any CPU
		{43CAEC70-F1B1-45E0-95F2-FEBAF588B94A}.Debug|Any CPU.ActiveCfg = Debug|Any CPU
		{43CAEC70-F1B1-45E0-95F2-FEBAF588B94A}.Debug|Any CPU.Build.0 = Debug|Any CPU
		{43CAEC70-F1B1-45E0-95F2-FEBAF588B94A}.Release|Any CPU.ActiveCfg = Release|Any CPU
		{43CAEC70-F1B1-45E0-95F2-FEBAF588B94A}.Release|Any CPU.Build.0 = Release|Any CPU
	EndGlobalSection
	GlobalSection(SolutionProperties) = preSolution
		HideSolutionNode = FALSE
	EndGlobalSection
	GlobalSection(ExtensibilityGlobals) = postSolution
		SolutionGuid = {E70DD12F-6D22-4AF2-80B9-BDCBD5CDDE29}
	EndGlobalSection
EndGlobal
